
Microsoft Visual Studio Solution File, Format Version 12.00
# Visual Studio Version 17
VisualStudioVersion = 17.10.35122.118
MinimumVisualStudioVersion = 10.0.40219.1
Project("{FAE04EC0-301F-11D3-BF4B-00C04F79EFBC}") = "Sesion4", "Sesion4\Sesion4.csproj", "{E9D162D4-2647-4B19-9DED-26D872CC8C6C}"
EndProject
Global
	GlobalSection(SolutionConfigurationPlatforms) = preSolution
		Debug|Any CPU = Debug|Any CPU
		Release|Any CPU = Release|Any CPU
	EndGlobalSection
	GlobalSection(ProjectConfigurationPlatforms) = postSolution
		{E9D162D4-2647-4B19-9DED-26D872CC8C6C}.Debug|Any CPU.ActiveCfg = Debug|Any CPU
		{E9D162D4-2647-4B19-9DED-26D872CC8C6C}.Debug|Any CPU.Build.0 = Debug|Any CPU
		{E9D162D4-2647-4B19-9DED-26D872CC8C6C}.Release|Any CPU.ActiveCfg = Release|Any CPU
		{E9D162D4-2647-4B19-9DED-26D872CC8C6C}.Release|Any CPU.Build.0 = Release|Any CPU
	EndGlobalSection
	GlobalSection(SolutionProperties) = preSolution
		HideSolutionNode = FALSE
	EndGlobalSection
	GlobalSection(ExtensibilityGlobals) = postSolution
		SolutionGuid = {F4BE79F0-3E7F-4EBB-8E21-48F8C2384901}
	EndGlobalSection
EndGlobal
